// !$*UTF8*$!
{
	archiveVersion = 1;
	classes = {
	};
	objectVersion = 46;
	objects = {

/* Begin PBXBuildFile section */
		41AE830B188BB1EB00E8713F /* Foundation.framework in Frameworks */ = {isa = PBXBuildFile; fileRef = 41AE830A188BB1EB00E8713F /* Foundation.framework */; };
		41AE830D188BB1EB00E8713F /* CoreGraphics.framework in Frameworks */ = {isa = PBXBuildFile; fileRef = 41AE830C188BB1EB00E8713F /* CoreGraphics.framework */; };
		41AE830F188BB1EB00E8713F /* UIKit.framework in Frameworks */ = {isa = PBXBuildFile; fileRef = 41AE830E188BB1EB00E8713F /* UIKit.framework */; };
		41AE8315188BB1EB00E8713F /* InfoPlist.strings in Resources */ = {isa = PBXBuildFile; fileRef = 41AE8313188BB1EB00E8713F /* InfoPlist.strings */; };
		41AE8317188BB1EB00E8713F /* main.m in Sources */ = {isa = PBXBuildFile; fileRef = 41AE8316188BB1EB00E8713F /* main.m */; };
		41AE831B188BB1EB00E8713F /* AppDelegate.m in Sources */ = {isa = PBXBuildFile; fileRef = 41AE831A188BB1EB00E8713F /* AppDelegate.m */; };
		41AE8323188BB1EB00E8713F /* Images.xcassets in Resources */ = {isa = PBXBuildFile; fileRef = 41AE8322188BB1EB00E8713F /* Images.xcassets */; };
		41AE832A188BB1EB00E8713F /* XCTest.framework in Frameworks */ = {isa = PBXBuildFile; fileRef = 41AE8329188BB1EB00E8713F /* XCTest.framework */; };
		41AE832B188BB1EB00E8713F /* Foundation.framework in Frameworks */ = {isa = PBXBuildFile; fileRef = 41AE830A188BB1EB00E8713F /* Foundation.framework */; };
		41AE832C188BB1EB00E8713F /* UIKit.framework in Frameworks */ = {isa = PBXBuildFile; fileRef = 41AE830E188BB1EB00E8713F /* UIKit.framework */; };
		41AE8334188BB1EB00E8713F /* InfoPlist.strings in Resources */ = {isa = PBXBuildFile; fileRef = 41AE8332188BB1EB00E8713F /* InfoPlist.strings */; };
		41AE8336188BB1EB00E8713F /* EmailFlow2Tests.m in Sources */ = {isa = PBXBuildFile; fileRef = 41AE8335188BB1EB00E8713F /* EmailFlow2Tests.m */; };
		41AE8341188BB26400E8713F /* EmailListViewController.m in Sources */ = {isa = PBXBuildFile; fileRef = 41AE8340188BB26400E8713F /* EmailListViewController.m */; };
		41AE8344188BB30D00E8713F /* EmailListCell.m in Sources */ = {isa = PBXBuildFile; fileRef = 41AE8343188BB30D00E8713F /* EmailListCell.m */; };
		41AE8346188BC2BD00E8713F /* NewMail@2x.png in Resources */ = {isa = PBXBuildFile; fileRef = 41AE8345188BC2BD00E8713F /* NewMail@2x.png */; };
		41AE8362188C8FE700E8713F /* GravatarHelper.m in Sources */ = {isa = PBXBuildFile; fileRef = 41AE8361188C8FE700E8713F /* GravatarHelper.m */; };
		41AE837A188DAAEA00E8713F /* blueTri.png in Resources */ = {isa = PBXBuildFile; fileRef = 41AE8376188DAAEA00E8713F /* blueTri.png */; };
		41AE837B188DAAEA00E8713F /* greenTri.png in Resources */ = {isa = PBXBuildFile; fileRef = 41AE8377188DAAEA00E8713F /* greenTri.png */; };
		41AE837C188DAAEA00E8713F /* orangeTri.png in Resources */ = {isa = PBXBuildFile; fileRef = 41AE8378188DAAEA00E8713F /* orangeTri.png */; };
		41AE837D188DAAEA00E8713F /* redTri.png in Resources */ = {isa = PBXBuildFile; fileRef = 41AE8379188DAAEA00E8713F /* redTri.png */; };
		41AE837F188DADEF00E8713F /* LinkHome@2x.png in Resources */ = {isa = PBXBuildFile; fileRef = 41AE837E188DADEF00E8713F /* LinkHome@2x.png */; };
		41AE8381188DADF800E8713F /* LabelHome@2x.png in Resources */ = {isa = PBXBuildFile; fileRef = 41AE8380188DADF800E8713F /* LabelHome@2x.png */; };
		41AE8383188DAE0100E8713F /* Trash@2x.png in Resources */ = {isa = PBXBuildFile; fileRef = 41AE8382188DAE0100E8713F /* Trash@2x.png */; };
		41AE8385188DAE0700E8713F /* Spam@2x.png in Resources */ = {isa = PBXBuildFile; fileRef = 41AE8384188DAE0700E8713F /* Spam@2x.png */; };
		41B1F303189A12E0004A364C /* EmailConversationViewController.m in Sources */ = {isa = PBXBuildFile; fileRef = 41B1F302189A12E0004A364C /* EmailConversationViewController.m */; };
		41B1F306189A14E0004A364C /* EmailDetailCell.m in Sources */ = {isa = PBXBuildFile; fileRef = 41B1F305189A14E0004A364C /* EmailDetailCell.m */; };
		41C765701890A9CE00DE2C89 /* ProfilePlaceholderSolid@2x.png in Resources */ = {isa = PBXBuildFile; fileRef = 41C7656F1890A9CE00DE2C89 /* ProfilePlaceholderSolid@2x.png */; };
		41C765721891ACB700DE2C89 /* HomeCellLongPress@2x.png in Resources */ = {isa = PBXBuildFile; fileRef = 41C765711891ACB700DE2C89 /* HomeCellLongPress@2x.png */; };
		41C765741891ACBC00DE2C89 /* ProfilePlaceholder@2x.png in Resources */ = {isa = PBXBuildFile; fileRef = 41C765731891ACBC00DE2C89 /* ProfilePlaceholder@2x.png */; };
		41C765C41897BF5900DE2C89 /* MailRed@2x.png in Resources */ = {isa = PBXBuildFile; fileRef = 41C765C31897BF5900DE2C89 /* MailRed@2x.png */; };
		41C765C61897BF6C00DE2C89 /* PencilRed@2x.png in Resources */ = {isa = PBXBuildFile; fileRef = 41C765C51897BF6C00DE2C89 /* PencilRed@2x.png */; };
		41C765C81897BF8400DE2C89 /* CalendarRed@2x.png in Resources */ = {isa = PBXBuildFile; fileRef = 41C765C71897BF8400DE2C89 /* CalendarRed@2x.png */; };
		41C765CA1897BF8E00DE2C89 /* CheckRed@2x.png in Resources */ = {isa = PBXBuildFile; fileRef = 41C765C91897BF8E00DE2C89 /* CheckRed@2x.png */; };
/* End PBXBuildFile section */

/* Begin PBXContainerItemProxy section */
		41AE832D188BB1EB00E8713F /* PBXContainerItemProxy */ = {
			isa = PBXContainerItemProxy;
			containerPortal = 41AE82FF188BB1EB00E8713F /* Project object */;
			proxyType = 1;
			remoteGlobalIDString = 41AE8306188BB1EB00E8713F;
			remoteInfo = EmailFlow2;
		};
/* End PBXContainerItemProxy section */

/* Begin PBXFileReference section */
		41AE8307188BB1EB00E8713F /* EmailFlow2.app */ = {isa = PBXFileReference; explicitFileType = wrapper.application; includeInIndex = 0; path = EmailFlow2.app; sourceTree = BUILT_PRODUCTS_DIR; };
		41AE830A188BB1EB00E8713F /* Foundation.framework */ = {isa = PBXFileReference; lastKnownFileType = wrapper.framework; name = Foundation.framework; path = System/Library/Frameworks/Foundation.framework; sourceTree = SDKROOT; };
		41AE830C188BB1EB00E8713F /* CoreGraphics.framework */ = {isa = PBXFileReference; lastKnownFileType = wrapper.framework; name = CoreGraphics.framework; path = System/Library/Frameworks/CoreGraphics.framework; sourceTree = SDKROOT; };
		41AE830E188BB1EB00E8713F /* UIKit.framework */ = {isa = PBXFileReference; lastKnownFileType = wrapper.framework; name = UIKit.framework; path = System/Library/Frameworks/UIKit.framework; sourceTree = SDKROOT; };
		41AE8312188BB1EB00E8713F /* EmailFlow2-Info.plist */ = {isa = PBXFileReference; lastKnownFileType = text.plist.xml; path = "EmailFlow2-Info.plist"; sourceTree = "<group>"; };
		41AE8314188BB1EB00E8713F /* en */ = {isa = PBXFileReference; lastKnownFileType = text.plist.strings; name = en; path = en.lproj/InfoPlist.strings; sourceTree = "<group>"; };
		41AE8316188BB1EB00E8713F /* main.m */ = {isa = PBXFileReference; lastKnownFileType = sourcecode.c.objc; path = main.m; sourceTree = "<group>"; };
		41AE8318188BB1EB00E8713F /* EmailFlow2-Prefix.pch */ = {isa = PBXFileReference; lastKnownFileType = sourcecode.c.h; path = "EmailFlow2-Prefix.pch"; sourceTree = "<group>"; };
		41AE8319188BB1EB00E8713F /* AppDelegate.h */ = {isa = PBXFileReference; lastKnownFileType = sourcecode.c.h; path = AppDelegate.h; sourceTree = "<group>"; };
		41AE831A188BB1EB00E8713F /* AppDelegate.m */ = {isa = PBXFileReference; lastKnownFileType = sourcecode.c.objc; path = AppDelegate.m; sourceTree = "<group>"; };
		41AE8322188BB1EB00E8713F /* Images.xcassets */ = {isa = PBXFileReference; lastKnownFileType = folder.assetcatalog; path = Images.xcassets; sourceTree = "<group>"; };
		41AE8328188BB1EB00E8713F /* EmailFlow2Tests.xctest */ = {isa = PBXFileReference; explicitFileType = wrapper.cfbundle; includeInIndex = 0; path = EmailFlow2Tests.xctest; sourceTree = BUILT_PRODUCTS_DIR; };
		41AE8329188BB1EB00E8713F /* XCTest.framework */ = {isa = PBXFileReference; lastKnownFileType = wrapper.framework; name = XCTest.framework; path = Library/Frameworks/XCTest.framework; sourceTree = DEVELOPER_DIR; };
		41AE8331188BB1EB00E8713F /* EmailFlow2Tests-Info.plist */ = {isa = PBXFileReference; lastKnownFileType = text.plist.xml; path = "EmailFlow2Tests-Info.plist"; sourceTree = "<group>"; };
		41AE8333188BB1EB00E8713F /* en */ = {isa = PBXFileReference; lastKnownFileType = text.plist.strings; name = en; path = en.lproj/InfoPlist.strings; sourceTree = "<group>"; };
		41AE8335188BB1EB00E8713F /* EmailFlow2Tests.m */ = {isa = PBXFileReference; lastKnownFileType = sourcecode.c.objc; path = EmailFlow2Tests.m; sourceTree = "<group>"; };
		41AE833F188BB26400E8713F /* EmailListViewController.h */ = {isa = PBXFileReference; fileEncoding = 4; lastKnownFileType = sourcecode.c.h; path = EmailListViewController.h; sourceTree = "<group>"; };
		41AE8340188BB26400E8713F /* EmailListViewController.m */ = {isa = PBXFileReference; fileEncoding = 4; lastKnownFileType = sourcecode.c.objc; path = EmailListViewController.m; sourceTree = "<group>"; };
		41AE8342188BB30D00E8713F /* EmailListCell.h */ = {isa = PBXFileReference; fileEncoding = 4; lastKnownFileType = sourcecode.c.h; path = EmailListCell.h; sourceTree = "<group>"; };
		41AE8343188BB30D00E8713F /* EmailListCell.m */ = {isa = PBXFileReference; fileEncoding = 4; lastKnownFileType = sourcecode.c.objc; path = EmailListCell.m; sourceTree = "<group>"; };
		41AE8345188BC2BD00E8713F /* NewMail@2x.png */ = {isa = PBXFileReference; lastKnownFileType = image.png; path = "NewMail@2x.png"; sourceTree = "<group>"; };
		41AE8360188C8FE700E8713F /* GravatarHelper.h */ = {isa = PBXFileReference; fileEncoding = 4; lastKnownFileType = sourcecode.c.h; path = GravatarHelper.h; sourceTree = "<group>"; };
		41AE8361188C8FE700E8713F /* GravatarHelper.m */ = {isa = PBXFileReference; fileEncoding = 4; lastKnownFileType = sourcecode.c.objc; path = GravatarHelper.m; sourceTree = "<group>"; };
		41AE8376188DAAEA00E8713F /* blueTri.png */ = {isa = PBXFileReference; lastKnownFileType = image.png; name = blueTri.png; path = Images.xcassets/blueTri.png; sourceTree = "<group>"; };
		41AE8377188DAAEA00E8713F /* greenTri.png */ = {isa = PBXFileReference; lastKnownFileType = image.png; name = greenTri.png; path = Images.xcassets/greenTri.png; sourceTree = "<group>"; };
		41AE8378188DAAEA00E8713F /* orangeTri.png */ = {isa = PBXFileReference; lastKnownFileType = image.png; name = orangeTri.png; path = Images.xcassets/orangeTri.png; sourceTree = "<group>"; };
		41AE8379188DAAEA00E8713F /* redTri.png */ = {isa = PBXFileReference; lastKnownFileType = image.png; name = redTri.png; path = Images.xcassets/redTri.png; sourceTree = "<group>"; };
		41AE837E188DADEF00E8713F /* LinkHome@2x.png */ = {isa = PBXFileReference; lastKnownFileType = image.png; path = "LinkHome@2x.png"; sourceTree = "<group>"; };
		41AE8380188DADF800E8713F /* LabelHome@2x.png */ = {isa = PBXFileReference; lastKnownFileType = image.png; path = "LabelHome@2x.png"; sourceTree = "<group>"; };
		41AE8382188DAE0100E8713F /* Trash@2x.png */ = {isa = PBXFileReference; lastKnownFileType = image.png; path = "Trash@2x.png"; sourceTree = "<group>"; };
		41AE8384188DAE0700E8713F /* Spam@2x.png */ = {isa = PBXFileReference; lastKnownFileType = image.png; path = "Spam@2x.png"; sourceTree = "<group>"; };
		41B1F301189A12E0004A364C /* EmailConversationViewController.h */ = {isa = PBXFileReference; fileEncoding = 4; lastKnownFileType = sourcecode.c.h; name = EmailConversationViewController.h; path = ../EmailConversationViewController.h; sourceTree = "<group>"; };
		41B1F302189A12E0004A364C /* EmailConversationViewController.m */ = {isa = PBXFileReference; fileEncoding = 4; lastKnownFileType = sourcecode.c.objc; name = EmailConversationViewController.m; path = ../EmailConversationViewController.m; sourceTree = "<group>"; };
		41B1F304189A14E0004A364C /* EmailDetailCell.h */ = {isa = PBXFileReference; fileEncoding = 4; lastKnownFileType = sourcecode.c.h; path = EmailDetailCell.h; sourceTree = "<group>"; };
		41B1F305189A14E0004A364C /* EmailDetailCell.m */ = {isa = PBXFileReference; fileEncoding = 4; lastKnownFileType = sourcecode.c.objc; path = EmailDetailCell.m; sourceTree = "<group>"; };
		41C7656F1890A9CE00DE2C89 /* ProfilePlaceholderSolid@2x.png */ = {isa = PBXFileReference; lastKnownFileType = image.png; path = "ProfilePlaceholderSolid@2x.png"; sourceTree = "<group>"; };
		41C765711891ACB700DE2C89 /* HomeCellLongPress@2x.png */ = {isa = PBXFileReference; lastKnownFileType = image.png; path = "HomeCellLongPress@2x.png"; sourceTree = "<group>"; };
		41C765731891ACBC00DE2C89 /* ProfilePlaceholder@2x.png */ = {isa = PBXFileReference; lastKnownFileType = image.png; path = "ProfilePlaceholder@2x.png"; sourceTree = "<group>"; };
		41C765C31897BF5900DE2C89 /* MailRed@2x.png */ = {isa = PBXFileReference; lastKnownFileType = image.png; path = "MailRed@2x.png"; sourceTree = "<group>"; };
		41C765C51897BF6C00DE2C89 /* PencilRed@2x.png */ = {isa = PBXFileReference; lastKnownFileType = image.png; path = "PencilRed@2x.png"; sourceTree = "<group>"; };
		41C765C71897BF8400DE2C89 /* CalendarRed@2x.png */ = {isa = PBXFileReference; lastKnownFileType = image.png; path = "CalendarRed@2x.png"; sourceTree = "<group>"; };
		41C765C91897BF8E00DE2C89 /* CheckRed@2x.png */ = {isa = PBXFileReference; lastKnownFileType = image.png; path = "CheckRed@2x.png"; sourceTree = "<group>"; };
/* End PBXFileReference section */

/* Begin PBXFrameworksBuildPhase section */
		41AE8304188BB1EB00E8713F /* Frameworks */ = {
			isa = PBXFrameworksBuildPhase;
			buildActionMask = 2147483647;
			files = (
				41AE830D188BB1EB00E8713F /* CoreGraphics.framework in Frameworks */,
				41AE830F188BB1EB00E8713F /* UIKit.framework in Frameworks */,
				41AE830B188BB1EB00E8713F /* Foundation.framework in Frameworks */,
			);
			runOnlyForDeploymentPostprocessing = 0;
		};
		41AE8325188BB1EB00E8713F /* Frameworks */ = {
			isa = PBXFrameworksBuildPhase;
			buildActionMask = 2147483647;
			files = (
				41AE832A188BB1EB00E8713F /* XCTest.framework in Frameworks */,
				41AE832C188BB1EB00E8713F /* UIKit.framework in Frameworks */,
				41AE832B188BB1EB00E8713F /* Foundation.framework in Frameworks */,
			);
			runOnlyForDeploymentPostprocessing = 0;
		};
/* End PBXFrameworksBuildPhase section */

/* Begin PBXGroup section */
		41AE82FE188BB1EB00E8713F = {
			isa = PBXGroup;
			children = (
				41AE8310188BB1EB00E8713F /* EmailFlow2 */,
				41AE832F188BB1EB00E8713F /* EmailFlow2Tests */,
				41AE8309188BB1EB00E8713F /* Frameworks */,
				41AE8308188BB1EB00E8713F /* Products */,
				41AE8360188C8FE700E8713F /* GravatarHelper.h */,
				41AE8361188C8FE700E8713F /* GravatarHelper.m */,
			);
			sourceTree = "<group>";
		};
		41AE8308188BB1EB00E8713F /* Products */ = {
			isa = PBXGroup;
			children = (
				41AE8307188BB1EB00E8713F /* EmailFlow2.app */,
				41AE8328188BB1EB00E8713F /* EmailFlow2Tests.xctest */,
			);
			name = Products;
			sourceTree = "<group>";
		};
		41AE8309188BB1EB00E8713F /* Frameworks */ = {
			isa = PBXGroup;
			children = (
				41AE830A188BB1EB00E8713F /* Foundation.framework */,
				41AE830C188BB1EB00E8713F /* CoreGraphics.framework */,
				41AE830E188BB1EB00E8713F /* UIKit.framework */,
				41AE8329188BB1EB00E8713F /* XCTest.framework */,
			);
			name = Frameworks;
			sourceTree = "<group>";
		};
		41AE8310188BB1EB00E8713F /* EmailFlow2 */ = {
			isa = PBXGroup;
			children = (
				41AE8319188BB1EB00E8713F /* AppDelegate.h */,
				41AE831A188BB1EB00E8713F /* AppDelegate.m */,
				41AE8322188BB1EB00E8713F /* Images.xcassets */,
				41AE833F188BB26400E8713F /* EmailListViewController.h */,
				41AE8340188BB26400E8713F /* EmailListViewController.m */,
				41AE8342188BB30D00E8713F /* EmailListCell.h */,
				41AE8343188BB30D00E8713F /* EmailListCell.m */,
				41B1F301189A12E0004A364C /* EmailConversationViewController.h */,
				41B1F302189A12E0004A364C /* EmailConversationViewController.m */,
				41B1F304189A14E0004A364C /* EmailDetailCell.h */,
				41B1F305189A14E0004A364C /* EmailDetailCell.m */,
				41AE8311188BB1EB00E8713F /* Supporting Files */,
			);
			path = EmailFlow2;
			sourceTree = "<group>";
		};
		41AE8311188BB1EB00E8713F /* Supporting Files */ = {
			isa = PBXGroup;
			children = (
				41AE8312188BB1EB00E8713F /* EmailFlow2-Info.plist */,
				41AE8345188BC2BD00E8713F /* NewMail@2x.png */,
				41AE837E188DADEF00E8713F /* LinkHome@2x.png */,
				41C765C31897BF5900DE2C89 /* MailRed@2x.png */,
				41C765C51897BF6C00DE2C89 /* PencilRed@2x.png */,
				41C765731891ACBC00DE2C89 /* ProfilePlaceholder@2x.png */,
				41C765C91897BF8E00DE2C89 /* CheckRed@2x.png */,
				41AE8382188DAE0100E8713F /* Trash@2x.png */,
				41C765C71897BF8400DE2C89 /* CalendarRed@2x.png */,
				41AE8384188DAE0700E8713F /* Spam@2x.png */,
				41AE8380188DADF800E8713F /* LabelHome@2x.png */,
				41C7656F1890A9CE00DE2C89 /* ProfilePlaceholderSolid@2x.png */,
				41C765711891ACB700DE2C89 /* HomeCellLongPress@2x.png */,
				41AE8376188DAAEA00E8713F /* blueTri.png */,
				41AE8377188DAAEA00E8713F /* greenTri.png */,
				41AE8378188DAAEA00E8713F /* orangeTri.png */,
				41AE8379188DAAEA00E8713F /* redTri.png */,
				41AE8313188BB1EB00E8713F /* InfoPlist.strings */,
				41AE8316188BB1EB00E8713F /* main.m */,
				41AE8318188BB1EB00E8713F /* EmailFlow2-Prefix.pch */,
			);
			name = "Supporting Files";
			sourceTree = "<group>";
		};
		41AE832F188BB1EB00E8713F /* EmailFlow2Tests */ = {
			isa = PBXGroup;
			children = (
				41AE8335188BB1EB00E8713F /* EmailFlow2Tests.m */,
				41AE8330188BB1EB00E8713F /* Supporting Files */,
			);
			path = EmailFlow2Tests;
			sourceTree = "<group>";
		};
		41AE8330188BB1EB00E8713F /* Supporting Files */ = {
			isa = PBXGroup;
			children = (
				41AE8331188BB1EB00E8713F /* EmailFlow2Tests-Info.plist */,
				41AE8332188BB1EB00E8713F /* InfoPlist.strings */,
			);
			name = "Supporting Files";
			sourceTree = "<group>";
		};
/* End PBXGroup section */

/* Begin PBXNativeTarget section */
		41AE8306188BB1EB00E8713F /* EmailFlow2 */ = {
			isa = PBXNativeTarget;
			buildConfigurationList = 41AE8339188BB1EB00E8713F /* Build configuration list for PBXNativeTarget "EmailFlow2" */;
			buildPhases = (
				41AE8303188BB1EB00E8713F /* Sources */,
				41AE8304188BB1EB00E8713F /* Frameworks */,
				41AE8305188BB1EB00E8713F /* Resources */,
			);
			buildRules = (
			);
			dependencies = (
			);
			name = EmailFlow2;
			productName = EmailFlow2;
			productReference = 41AE8307188BB1EB00E8713F /* EmailFlow2.app */;
			productType = "com.apple.product-type.application";
		};
		41AE8327188BB1EB00E8713F /* EmailFlow2Tests */ = {
			isa = PBXNativeTarget;
			buildConfigurationList = 41AE833C188BB1EB00E8713F /* Build configuration list for PBXNativeTarget "EmailFlow2Tests" */;
			buildPhases = (
				41AE8324188BB1EB00E8713F /* Sources */,
				41AE8325188BB1EB00E8713F /* Frameworks */,
				41AE8326188BB1EB00E8713F /* Resources */,
			);
			buildRules = (
			);
			dependencies = (
				41AE832E188BB1EB00E8713F /* PBXTargetDependency */,
			);
			name = EmailFlow2Tests;
			productName = EmailFlow2Tests;
			productReference = 41AE8328188BB1EB00E8713F /* EmailFlow2Tests.xctest */;
			productType = "com.apple.product-type.bundle.unit-test";
		};
/* End PBXNativeTarget section */

/* Begin PBXProject section */
		41AE82FF188BB1EB00E8713F /* Project object */ = {
			isa = PBXProject;
			attributes = {
				LastUpgradeCheck = 0500;
				ORGANIZATIONNAME = "Noel Proulx";
				TargetAttributes = {
					41AE8327188BB1EB00E8713F = {
						TestTargetID = 41AE8306188BB1EB00E8713F;
					};
				};
			};
			buildConfigurationList = 41AE8302188BB1EB00E8713F /* Build configuration list for PBXProject "EmailFlow2" */;
			compatibilityVersion = "Xcode 3.2";
			developmentRegion = English;
			hasScannedForEncodings = 0;
			knownRegions = (
				en,
				Base,
			);
			mainGroup = 41AE82FE188BB1EB00E8713F;
			productRefGroup = 41AE8308188BB1EB00E8713F /* Products */;
			projectDirPath = "";
			projectRoot = "";
			targets = (
				41AE8306188BB1EB00E8713F /* EmailFlow2 */,
				41AE8327188BB1EB00E8713F /* EmailFlow2Tests */,
			);
		};
/* End PBXProject section */

/* Begin PBXResourcesBuildPhase section */
		41AE8305188BB1EB00E8713F /* Resources */ = {
			isa = PBXResourcesBuildPhase;
			buildActionMask = 2147483647;
			files = (
				41AE8346188BC2BD00E8713F /* NewMail@2x.png in Resources */,
				41AE837F188DADEF00E8713F /* LinkHome@2x.png in Resources */,
				41C765741891ACBC00DE2C89 /* ProfilePlaceholder@2x.png in Resources */,
				41C765C61897BF6C00DE2C89 /* PencilRed@2x.png in Resources */,
				41C765C41897BF5900DE2C89 /* MailRed@2x.png in Resources */,
				41C765701890A9CE00DE2C89 /* ProfilePlaceholderSolid@2x.png in Resources */,
				41AE8323188BB1EB00E8713F /* Images.xcassets in Resources */,
				41C765721891ACB700DE2C89 /* HomeCellLongPress@2x.png in Resources */,
				41AE837C188DAAEA00E8713F /* orangeTri.png in Resources */,
				41AE837D188DAAEA00E8713F /* redTri.png in Resources */,
				41AE8315188BB1EB00E8713F /* InfoPlist.strings in Resources */,
				41AE8385188DAE0700E8713F /* Spam@2x.png in Resources */,
				41AE8383188DAE0100E8713F /* Trash@2x.png in Resources */,
				41C765CA1897BF8E00DE2C89 /* CheckRed@2x.png in Resources */,
				41AE8381188DADF800E8713F /* LabelHome@2x.png in Resources */,
				41AE837A188DAAEA00E8713F /* blueTri.png in Resources */,
				41C765C81897BF8400DE2C89 /* CalendarRed@2x.png in Resources */,
				41AE837B188DAAEA00E8713F /* greenTri.png in Resources */,
			);
			runOnlyForDeploymentPostprocessing = 0;
		};
		41AE8326188BB1EB00E8713F /* Resources */ = {
			isa = PBXResourcesBuildPhase;
			buildActionMask = 2147483647;
			files = (
				41AE8334188BB1EB00E8713F /* InfoPlist.strings in Resources */,
			);
			runOnlyForDeploymentPostprocessing = 0;
		};
/* End PBXResourcesBuildPhase section */

/* Begin PBXSourcesBuildPhase section */
		41AE8303188BB1EB00E8713F /* Sources */ = {
			isa = PBXSourcesBuildPhase;
			buildActionMask = 2147483647;
			files = (
				41B1F303189A12E0004A364C /* EmailConversationViewController.m in Sources */,
				41AE831B188BB1EB00E8713F /* AppDelegate.m in Sources */,
				41AE8317188BB1EB00E8713F /* main.m in Sources */,
				41AE8344188BB30D00E8713F /* EmailListCell.m in Sources */,
				41AE8362188C8FE700E8713F /* GravatarHelper.m in Sources */,
				41AE8341188BB26400E8713F /* EmailListViewController.m in Sources */,
				41B1F306189A14E0004A364C /* EmailDetailCell.m in Sources */,
			);
			runOnlyForDeploymentPostprocessing = 0;
		};
		41AE8324188BB1EB00E8713F /* Sources */ = {
			isa = PBXSourcesBuildPhase;
			buildActionMask = 2147483647;
			files = (
				41AE8336188BB1EB00E8713F /* EmailFlow2Tests.m in Sources */,
			);
			runOnlyForDeploymentPostprocessing = 0;
		};
/* End PBXSourcesBuildPhase section */

/* Begin PBXTargetDependency section */
		41AE832E188BB1EB00E8713F /* PBXTargetDependency */ = {
			isa = PBXTargetDependency;
			target = 41AE8306188BB1EB00E8713F /* EmailFlow2 */;
			targetProxy = 41AE832D188BB1EB00E8713F /* PBXContainerItemProxy */;
		};
/* End PBXTargetDependency section */

/* Begin PBXVariantGroup section */
		41AE8313188BB1EB00E8713F /* InfoPlist.strings */ = {
			isa = PBXVariantGroup;
			children = (
				41AE8314188BB1EB00E8713F /* en */,
			);
			name = InfoPlist.strings;
			sourceTree = "<group>";
		};
		41AE8332188BB1EB00E8713F /* InfoPlist.strings */ = {
			isa = PBXVariantGroup;
			children = (
				41AE8333188BB1EB00E8713F /* en */,
			);
			name = InfoPlist.strings;
			sourceTree = "<group>";
		};
/* End PBXVariantGroup section */

/* Begin XCBuildConfiguration section */
		41AE8337188BB1EB00E8713F /* Debug */ = {
			isa = XCBuildConfiguration;
			buildSettings = {
				ALWAYS_SEARCH_USER_PATHS = NO;
				ARCHS = "$(ARCHS_STANDARD_INCLUDING_64_BIT)";
				CLANG_CXX_LANGUAGE_STANDARD = "gnu++0x";
				CLANG_CXX_LIBRARY = "libc++";
				CLANG_ENABLE_MODULES = YES;
				CLANG_ENABLE_OBJC_ARC = YES;
				CLANG_WARN_BOOL_CONVERSION = YES;
				CLANG_WARN_CONSTANT_CONVERSION = YES;
				CLANG_WARN_DIRECT_OBJC_ISA_USAGE = YES_ERROR;
				CLANG_WARN_EMPTY_BODY = YES;
				CLANG_WARN_ENUM_CONVERSION = YES;
				CLANG_WARN_INT_CONVERSION = YES;
				CLANG_WARN_OBJC_ROOT_CLASS = YES_ERROR;
				CLANG_WARN__DUPLICATE_METHOD_MATCH = YES;
				"CODE_SIGN_IDENTITY[sdk=iphoneos*]" = "iPhone Developer";
				COPY_PHASE_STRIP = NO;
				GCC_C_LANGUAGE_STANDARD = gnu99;
				GCC_DYNAMIC_NO_PIC = NO;
				GCC_OPTIMIZATION_LEVEL = 0;
				GCC_PREPROCESSOR_DEFINITIONS = (
					"DEBUG=1",
					"$(inherited)",
				);
				GCC_SYMBOLS_PRIVATE_EXTERN = NO;
				GCC_WARN_64_TO_32_BIT_CONVERSION = YES;
				GCC_WARN_ABOUT_RETURN_TYPE = YES_ERROR;
				GCC_WARN_UNDECLARED_SELECTOR = YES;
				GCC_WARN_UNINITIALIZED_AUTOS = YES;
				GCC_WARN_UNUSED_FUNCTION = YES;
				GCC_WARN_UNUSED_VARIABLE = YES;
				IPHONEOS_DEPLOYMENT_TARGET = 7.0;
				ONLY_ACTIVE_ARCH = YES;
				SDKROOT = iphoneos;
			};
			name = Debug;
		};
		41AE8338188BB1EB00E8713F /* Release */ = {
			isa = XCBuildConfiguration;
			buildSettings = {
				ALWAYS_SEARCH_USER_PATHS = NO;
				ARCHS = "$(ARCHS_STANDARD_INCLUDING_64_BIT)";
				CLANG_CXX_LANGUAGE_STANDARD = "gnu++0x";
				CLANG_CXX_LIBRARY = "libc++";
				CLANG_ENABLE_MODULES = YES;
				CLANG_ENABLE_OBJC_ARC = YES;
				CLANG_WARN_BOOL_CONVERSION = YES;
				CLANG_WARN_CONSTANT_CONVERSION = YES;
				CLANG_WARN_DIRECT_OBJC_ISA_USAGE = YES_ERROR;
				CLANG_WARN_EMPTY_BODY = YES;
				CLANG_WARN_ENUM_CONVERSION = YES;
				CLANG_WARN_INT_CONVERSION = YES;
				CLANG_WARN_OBJC_ROOT_CLASS = YES_ERROR;
				CLANG_WARN__DUPLICATE_METHOD_MATCH = YES;
				"CODE_SIGN_IDENTITY[sdk=iphoneos*]" = "iPhone Developer";
				COPY_PHASE_STRIP = YES;
				ENABLE_NS_ASSERTIONS = NO;
				GCC_C_LANGUAGE_STANDARD = gnu99;
				GCC_WARN_64_TO_32_BIT_CONVERSION = YES;
				GCC_WARN_ABOUT_RETURN_TYPE = YES_ERROR;
				GCC_WARN_UNDECLARED_SELECTOR = YES;
				GCC_WARN_UNINITIALIZED_AUTOS = YES;
				GCC_WARN_UNUSED_FUNCTION = YES;
				GCC_WARN_UNUSED_VARIABLE = YES;
				IPHONEOS_DEPLOYMENT_TARGET = 7.0;
				SDKROOT = iphoneos;
				VALIDATE_PRODUCT = YES;
			};
			name = Release;
		};
		41AE833A188BB1EB00E8713F /* Debug */ = {
			isa = XCBuildConfiguration;
			buildSettings = {
				ASSETCATALOG_COMPILER_APPICON_NAME = AppIcon;
				ASSETCATALOG_COMPILER_LAUNCHIMAGE_NAME = LaunchImage;
				GCC_PRECOMPILE_PREFIX_HEADER = YES;
				GCC_PREFIX_HEADER = "EmailFlow2/EmailFlow2-Prefix.pch";
				INFOPLIST_FILE = "EmailFlow2/EmailFlow2-Info.plist";
				PRODUCT_NAME = "$(TARGET_NAME)";
				WRAPPER_EXTENSION = app;
			};
			name = Debug;
		};
		41AE833B188BB1EB00E8713F /* Release */ = {
			isa = XCBuildConfiguration;
			buildSettings = {
				ASSETCATALOG_COMPILER_APPICON_NAME = AppIcon;
				ASSETCATALOG_COMPILER_LAUNCHIMAGE_NAME = LaunchImage;
				GCC_PRECOMPILE_PREFIX_HEADER = YES;
				GCC_PREFIX_HEADER = "EmailFlow2/EmailFlow2-Prefix.pch";
				INFOPLIST_FILE = "EmailFlow2/EmailFlow2-Info.plist";
				PRODUCT_NAME = "$(TARGET_NAME)";
				WRAPPER_EXTENSION = app;
			};
			name = Release;
		};
		41AE833D188BB1EB00E8713F /* Debug */ = {
			isa = XCBuildConfiguration;
			buildSettings = {
				ARCHS = "$(ARCHS_STANDARD_INCLUDING_64_BIT)";
				BUNDLE_LOADER = "$(BUILT_PRODUCTS_DIR)/EmailFlow2.app/EmailFlow2";
				FRAMEWORK_SEARCH_PATHS = (
					"$(SDKROOT)/Developer/Library/Frameworks",
					"$(inherited)",
					"$(DEVELOPER_FRAMEWORKS_DIR)",
				);
				GCC_PRECOMPILE_PREFIX_HEADER = YES;
				GCC_PREFIX_HEADER = "EmailFlow2/EmailFlow2-Prefix.pch";
				GCC_PREPROCESSOR_DEFINITIONS = (
					"DEBUG=1",
					"$(inherited)",
				);
				INFOPLIST_FILE = "EmailFlow2Tests/EmailFlow2Tests-Info.plist";
				PRODUCT_NAME = "$(TARGET_NAME)";
				TEST_HOST = "$(BUNDLE_LOADER)";
				WRAPPER_EXTENSION = xctest;
			};
			name = Debug;
		};
		41AE833E188BB1EB00E8713F /* Release */ = {
			isa = XCBuildConfiguration;
			buildSettings = {
				ARCHS = "$(ARCHS_STANDARD_INCLUDING_64_BIT)";
				BUNDLE_LOADER = "$(BUILT_PRODUCTS_DIR)/EmailFlow2.app/EmailFlow2";
				FRAMEWORK_SEARCH_PATHS = (
					"$(SDKROOT)/Developer/Library/Frameworks",
					"$(inherited)",
					"$(DEVELOPER_FRAMEWORKS_DIR)",
				);
				GCC_PRECOMPILE_PREFIX_HEADER = YES;
				GCC_PREFIX_HEADER = "EmailFlow2/EmailFlow2-Prefix.pch";
				INFOPLIST_FILE = "EmailFlow2Tests/EmailFlow2Tests-Info.plist";
				PRODUCT_NAME = "$(TARGET_NAME)";
				TEST_HOST = "$(BUNDLE_LOADER)";
				WRAPPER_EXTENSION = xctest;
			};
			name = Release;
		};
/* End XCBuildConfiguration section */

/* Begin XCConfigurationList section */
		41AE8302188BB1EB00E8713F /* Build configuration list for PBXProject "EmailFlow2" */ = {
			isa = XCConfigurationList;
			buildConfigurations = (
				41AE8337188BB1EB00E8713F /* Debug */,
				41AE8338188BB1EB00E8713F /* Release */,
			);
			defaultConfigurationIsVisible = 0;
			defaultConfigurationName = Release;
		};
		41AE8339188BB1EB00E8713F /* Build configuration list for PBXNativeTarget "EmailFlow2" */ = {
			isa = XCConfigurationList;
			buildConfigurations = (
				41AE833A188BB1EB00E8713F /* Debug */,
				41AE833B188BB1EB00E8713F /* Release */,
			);
			defaultConfigurationIsVisible = 0;
			defaultConfigurationName = Release;
		};
		41AE833C188BB1EB00E8713F /* Build configuration list for PBXNativeTarget "EmailFlow2Tests" */ = {
			isa = XCConfigurationList;
			buildConfigurations = (
				41AE833D188BB1EB00E8713F /* Debug */,
				41AE833E188BB1EB00E8713F /* Release */,
			);
			defaultConfigurationIsVisible = 0;
			defaultConfigurationName = Release;
		};
/* End XCConfigurationList section */
	};
	rootObject = 41AE82FF188BB1EB00E8713F /* Project object */;
}
